
Microsoft Visual Studio Solution File, Format Version 12.00
# Visual Studio 15
VisualStudioVersion = 15.0.26730.15
MinimumVisualStudioVersion = 10.0.40219.1
Project("{FAE04EC0-301F-11D3-BF4B-00C04F79EFBC}") = "MyAPI", "MyAPI\MyAPI.csproj", "{CAB1428A-DD10-4302-9AC0-81580FA99005}"
EndProject
Global
	GlobalSection(SolutionConfigurationPlatforms) = preSolution
		Debug|Any CPU = Debug|Any CPU
		Release|Any CPU = Release|Any CPU
	EndGlobalSection
	GlobalSection(ProjectConfigurationPlatforms) = postSolution
		{CAB1428A-DD10-4302-9AC0-81580FA99005}.Debug|Any CPU.ActiveCfg = Debug|Any CPU
		{CAB1428A-DD10-4302-9AC0-81580FA99005}.Debug|Any CPU.Build.0 = Debug|Any CPU
		{CAB1428A-DD10-4302-9AC0-81580FA99005}.Release|Any CPU.ActiveCfg = Release|Any CPU
		{CAB1428A-DD10-4302-9AC0-81580FA99005}.Release|Any CPU.Build.0 = Release|Any CPU
	EndGlobalSection
	GlobalSection(SolutionProperties) = preSolution
		HideSolutionNode = FALSE
	EndGlobalSection
	GlobalSection(ExtensibilityGlobals) = postSolution
		SolutionGuid = {D25D8F36-E8C5-4F74-84FD-D3B5B5334120}
	EndGlobalSection
EndGlobal
